
Microsoft Visual Studio Solution File, Format Version 12.00
# Visual Studio Version 16
VisualStudioVersion = 16.0.31321.278
MinimumVisualStudioVersion = 10.0.40219.1
Project("{8BC9CEB8-8B4A-11D0-8D11-00A0C91BC942}") = "CMinecraftGL", "CMinecraftGL\CMinecraftGL.vcxproj", "{1CF1FA93-95EC-4F0D-8C8C-CFC1685C825F}"
EndProject
Global
	GlobalSection(SolutionConfigurationPlatforms) = preSolution
		Debug|x64 = Debug|x64
		Debug|x86 = Debug|x86
		Release|x64 = Release|x64
		Release|x86 = Release|x86
	EndGlobalSection
	GlobalSection(ProjectConfigurationPlatforms) = postSolution
		{1CF1FA93-95EC-4F0D-8C8C-CFC1685C825F}.Debug|x64.ActiveCfg = Debug|x64
		{1CF1FA93-95EC-4F0D-8C8C-CFC1685C825F}.Debug|x64.Build.0 = Debug|x64
		{1CF1FA93-95EC-4F0D-8C8C-CFC1685C825F}.Debug|x86.ActiveCfg = Debug|Win32
		{1CF1FA93-95EC-4F0D-8C8C-CFC1685C825F}.Debug|x86.Build.0 = Debug|Win32
		{1CF1FA93-95EC-4F0D-8C8C-CFC1685C825F}.Release|x64.ActiveCfg = Release|x64
		{1CF1FA93-95EC-4F0D-8C8C-CFC1685C825F}.Release|x64.Build.0 = Release|x64
		{1CF1FA93-95EC-4F0D-8C8C-CFC1685C825F}.Release|x86.ActiveCfg = Release|Win32
		{1CF1FA93-95EC-4F0D-8C8C-CFC1685C825F}.Release|x86.Build.0 = Release|Win32
	EndGlobalSection
	GlobalSection(SolutionProperties) = preSolution
		HideSolutionNode = FALSE
	EndGlobalSection
	GlobalSection(ExtensibilityGlobals) = postSolution
		SolutionGuid = {67DFA9CF-D809-4182-ACDB-9317FC52AD23}
	EndGlobalSection
EndGlobal
