<?xml version="1.0" encoding="utf-8"?>
<Project ToolsVersion="4.0" xmlns="http://schemas.microsoft.com/developer/msbuild/2003">
  <ItemGroup>
    <ClCompile Include="src\main.cpp" />
    <ClCompile Include="src\app\app.cpp" />
    <ClCompile Include="src\app\callbacks.cpp" />
    <ClCompile Include="src\renderer\mesh.cpp" />
    <ClCompile Include="src\abstractgl\caches.cpp" />
    <ClCompile Include="src\abstractgl\shader.cpp" />
    <ClCompile Include="src\abstractgl\texture_array.cpp" />
    <ClCompile Include="src\texture\texture_manager.cpp" />
    <ClCompile Include="src\blocks\block_type.cpp" />
    <ClCompile Include="src\world\chunk\chunk.cpp" />
    <ClCompile Include="src\world\chunk\chunk_manager.cpp" />
    <ClCompile Include="src\world\world.cpp" />
  </ItemGroup>
  <ItemGroup>
    <ClInclude Include="src\abstractgl\buffers.h" />
    <ClInclude Include="src\renderer\geometry.h" />
    <ClInclude Include="src\abstractgl\shader.h" />
    <ClInclude Include="src\abstractgl\texture_array.h" />
    <ClInclude Include="src\app\app.h" />
    <ClInclude Include="src\app\callbacks.h" />
    <ClInclude Include="src\OpenGL.h" />
    <ClInclude Include="src\renderer\renderer.h" />
    <ClInclude Include="src\renderer\mesh.h" />
    <ClInclude Include="src\texture\texture_manager.h" />
    <ClInclude Include="src\scene\camera.h" />
    <ClInclude Include="src\entity\player.h" />
    <ClInclude Include="src\entity\entity.h" />
    <ClInclude Include="src\blocks\block_type.h" />
    <ClInclude Include="src\blocks\models\models.h" />
    <ClInclude Include="src\world\chunk\chunk.h" />
    <ClInclude Include="src\world\chunk\chunk_manager.h" />
    <ClInclude Include="src\world\world.h" />
    <ClInclude Include="src\renderer\batch_info.h" />
    <ClInclude Include="src\abstractgl\vertex_array.h" />
    <ClInclude Include="src\world\chunk\constants.h" />
    <ClInclude Include="src\world\chunk\chunk_math.h" />
  </ItemGroup>
  <ItemGroup>
    <Image Include="res\textures\cobblestone.png" />
    <Image Include="res\textures\daisy.png" />
    <Image Include="res\textures\dirt.png" />
    <Image Include="res\textures\grass.png" />
    <Image Include="res\textures\grass_side.png" />
    <Image Include="res\textures\leaves.png" />
    <Image Include="res\textures\log_side.png" />
    <Image Include="res\textures\log_top.png" />
    <Image Include="res\textures\planks.png" />
    <Image Include="res\textures\rose.png" />
    <Image Include="res\textures\sand.png" />
    <Image Include="res\textures\stone.png" />
  </ItemGroup>
  <ItemGroup>
    <None Include="res\shaders\fragment_shader.glsl" />
    <None Include="res\shaders\vertex_shader.glsl" />
  </ItemGroup>
</Project>